<Solution>
  <Folder Name="/Task0/">
    <Project Path="Tyuiu.MikhailichenkoAI.Sprint0.Task0.v0/Tyuiu.MikhailichenkoAI.Sprint0.Task0.v0/Tyuiu.MikhailichenkoAI.Sprint0.Task0.v0.csproj" Id="33d4ac81-25a7-419c-8595-50466e1d2f07" />
  </Folder>
  <Folder Name="/Task1/">
    <Project Path="Tyuiu.MikhailichenkoAI.Sprint0.Task1.V0/Tyuiu.MikhailichenkoAI.Sprint0.Task1.V0.csproj" Id="183670c3-170a-4c38-a5b4-e504f5cf3d76" />
  </Folder>
  <Folder Name="/Task2/">
    <Project Path="Tyuiu.MikhailichenkoAI.Sprint0.Task1.V0.Lib/Tyuiu.MikhailichenkoAI.Sprint0.Task2.V0.Lib.csproj" Id="90b4a990-45e0-46cc-a6c7-0febd68af0f9" />
    <Project Path="Tyuiu.MikhailichenkoAI.Sprint0.Task1.V0.Test/Tyuiu.MikhailichenkoAI.Sprint0.Task2.V0.Test.csproj" Id="acd5021b-13f1-4cc4-8062-f381037fb2c7" />
    <Project Path="Tyuiu.MikhailichenkoAI.Sprint0.Task2.V0/Tyuiu.MikhailichenkoAI.Sprint0.Task2.V0.csproj" Id="f406c355-0692-45a4-a72d-9c9fc1e649fd" />
  </Folder>
  <Folder Name="/Task3/">
    <Project Path="Tyuiu.MikhailichenkoAI.Sprint0.Task3.V0.Lib/Tyuiu.MikhailichenkoAI.Sprint0.Task3.V0.Lib.csproj" Id="33999935-ba0b-4ac4-901b-fe98c9be6739" />
    <Project Path="Tyuiu.MikhailichenkoAI.Sprint0.Task3.V0.Test/Tyuiu.MikhailichenkoAI.Sprint0.Task3.V0.Test.csproj" Id="6460c276-ce20-4162-9c65-65f001c4929b" />
    <Project Path="Tyuiu.MikhailichenkoAI.Sprint0.Task3.V0/Tyuiu.MikhailichenkoAI.Sprint0.Task3.V0.csproj" Id="4d62d4f3-7b36-4a42-aa4f-b387db36e2f3" />
  </Folder>
  <Folder Name="/Task4/">
    <Project Path="Tyuiu.MikhailichenkoAI.Sprint0.Task4.V0.Lib/Tyuiu.MikhailichenkoAI.Sprint0.Task4.V0.Lib.csproj" Id="58a4a5ee-6e7d-4c88-98dd-783ac7e54147" />
    <Project Path="Tyuiu.MikhailichenkoAI.Sprint0.Task4.V0.Test/Tyuiu.MikhailichenkoAI.Sprint0.Task4.V0.Test.csproj" Id="8c178412-605e-434f-ae11-4cd0661dc266" />
    <Project Path="Tyuiu.MikhailichenkoAI.Sprint0.Task4.V0/Tyuiu.MikhailichenkoAI.Sprint0.Task4.V0.csproj" Id="26071491-0688-4281-9c2d-34a143b60add" />
  </Folder>
  <Folder Name="/Task5/">
    <Project Path="Tyuiu.MikhailichenkoAI.Sprint0.Task5.V0.Lib/Tyuiu.MikhailichenkoAI.Sprint0.Task5.V0.Lib/Tyuiu.MikhailichenkoAI.Sprint0.Task5.V0.Lib.csproj" Id="5a208c5a-8af4-478f-b110-5b85f46a2e65" />
    <Project Path="Tyuiu.MikhailichenkoAI.Sprint0.Task5.V0.Test/Tyuiu.MikhailichenkoAI.Sprint0.Task5.V0.Test.csproj" Id="466b2a92-b5f2-4d9f-868a-c0f72a68c37e" />
    <Project Path="Tyuiu.MikhailichenkoAI.Sprint0.Task5.V0/Tyuiu.MikhailichenkoAI.Sprint0.Task5.V0.csproj" Id="1cb974bc-842f-40ce-a6e7-9e3373136cc6" />
  </Folder>
  <Folder Name="/Task6/">
    <Project Path="Tyuiu.MikhailichenkoAI.Sprint0.Task6.V0.Lib/Tyuiu.MikhailichenkoAI.Sprint0.Task6.V0.Lib.csproj" Id="77faadf0-1a40-49cd-a7b7-e9f5784c9ab5" />
    <Project Path="Tyuiu.MikhailichenkoAI.Sprint0.Task6.V0.Test/Tyuiu.MikhailichenkoAI.Sprint0.Task6.V0.Test.csproj" Id="c8dc8167-a648-4712-9b75-8bb1b884973f" />
    <Project Path="Tyuiu.MikhailichenkoAI.Sprint0.Task6.V0/Tyuiu.MikhailichenkoAI.Sprint0.Task6.V0.csproj" Id="f11e5ed2-da2d-4c74-93f6-9603cc7532ea" />
  </Folder>
  <Folder Name="/Task7/">
    <Project Path="Tyuiu.MikhailichenkoAI.Sprint0.Task7.V0.Lib/Tyuiu.MikhailichenkoAI.Sprint0.Task7.V0.Lib.csproj" Id="bd5d05c5-eca9-4ad8-9995-3f9a6bbe876c" />
    <Project Path="Tyuiu.MikhailichenkoAI.Sprint0.Task7.V0.Test/Tyuiu.MikhailichenkoAI.Sprint0.Task7.V0.Test.csproj" Id="7bc33c3d-230b-4543-9aa9-51b53467e610" />
    <Project Path="Tyuiu.MikhailichenkoAI.Sprint0.Task7.V0/Tyuiu.MikhailichenkoAI.Sprint0.Task7.V0.csproj" Id="3a324e86-88c6-43dc-b531-1b3a700f933c" />
  </Folder>
</Solution>
